PODS:
  - AFNetworking (3.1.0):
    - AFNetworking/NSURLSession (= 3.1.0)
    - AFNetworking/Reachability (= 3.1.0)
    - AFNetworking/Security (= 3.1.0)
    - AFNetworking/Serialization (= 3.1.0)
    - AFNetworking/UIKit (= 3.1.0)
  - AFNetworking/NSURLSession (3.1.0):
    - AFNetworking/Reachability
    - AFNetworking/Security
    - AFNetworking/Serialization
  - AFNetworking/Reachability (3.1.0)
  - AFNetworking/Security (3.1.0)
  - AFNetworking/Serialization (3.1.0)
  - AFNetworking/UIKit (3.1.0):
    - AFNetworking/NSURLSession
  - GoogleMaps (2.3.1):
    - GoogleMaps/Maps (= 2.3.1)
  - GoogleMaps/Base (2.3.1)
  - GoogleMaps/Maps (2.3.1):
    - GoogleMaps/Base
  - GooglePlacePicker (2.3.1):
    - GoogleMaps (= 2.3.1)
    - GooglePlaces (= 2.3.1)
  - GooglePlaces (2.3.1):
    - GoogleMaps/Base (= 2.3.1)
  - SDWebImage (4.0.0):
    - SDWebImage/Core (= 4.0.0)
  - SDWebImage/Core (4.0.0)

DEPENDENCIES:
  - AFNetworking
  - GoogleMaps
  - GooglePlacePicker
  - GooglePlaces
  - SDWebImage

SPEC CHECKSUMS:
  AFNetworking: 5e0e199f73d8626b11e79750991f5d173d1f8b67
  GoogleMaps: c66a71058b9b1294bcdd5463a68e357fa50c079f
  GooglePlacePicker: fc3564ac7a2ce314e78e42bfc1e16822ad1e5488
  GooglePlaces: 4a7b22debfa1af65017b82943431822607e45201
  SDWebImage: 76a6348bdc74eb5a55dd08a091ef298e56b55e41

PODFILE CHECKSUM: 0b6fd63d14a3ebf27c59d640d574ce9c6bc66e7c

COCOAPODS: 1.2.1
